
Microsoft Visual Studio Solution File, Format Version 12.00
# Visual Studio Version 17
VisualStudioVersion = 17.13.35825.156
MinimumVisualStudioVersion = 10.0.40219.1
Project("{FAE04EC0-301F-11D3-BF4B-00C04F79EFBC}") = "Codeline_HealthCareCenter_OOP", "Codeline_HealthCareCenter_OOP.csproj", "{2FB4B929-1F20-4F9B-8615-912C4D3FEFB6}"
EndProject
Global
	GlobalSection(SolutionConfigurationPlatforms) = preSolution
		Debug|Any CPU = Debug|Any CPU
		Release|Any CPU = Release|Any CPU
	EndGlobalSection
	GlobalSection(ProjectConfigurationPlatforms) = postSolution
		{2FB4B929-1F20-4F9B-8615-912C4D3FEFB6}.Debug|Any CPU.ActiveCfg = Debug|Any CPU
		{2FB4B929-1F20-4F9B-8615-912C4D3FEFB6}.Debug|Any CPU.Build.0 = Debug|Any CPU
		{2FB4B929-1F20-4F9B-8615-912C4D3FEFB6}.Release|Any CPU.ActiveCfg = Release|Any CPU
		{2FB4B929-1F20-4F9B-8615-912C4D3FEFB6}.Release|Any CPU.Build.0 = Release|Any CPU
	EndGlobalSection
	GlobalSection(SolutionProperties) = preSolution
		HideSolutionNode = FALSE
	EndGlobalSection
	GlobalSection(ExtensibilityGlobals) = postSolution
		SolutionGuid = {FDD90BE2-2A1C-49F0-B34F-A43BDF55D3F5}
	EndGlobalSection
EndGlobal
